Microsoft Visual Studio Solution File, Format Version 12.00
# Visual Studio Version 17
VisualStudioVersion = 17.12.35707.178 d17.12
MinimumVisualStudioVersion = 10.0.40219.1
Project("{FAE04EC0-301F-11D3-BF4B-00C04F79EFBC}") = "AzureConfigCompare", "AzureConfigCompare\AzureConfigCompare.csproj", "{D8B23127-F76A-46D4-8F43-ABF88BF1B2E5}"
EndProject
Project("{FAE04EC0-301F-11D3-BF4B-00C04F79EFBC}") = "AzureConfigCompare.Tests", "AzureConfigCompare.Tests\AzureConfigCompare.Tests.csproj", "{77E49F57-6438-4ED1-AF0D-79EB8D0DDA84}"
EndProject
Global
	GlobalSection(SolutionConfigurationPlatforms) = preSolution
		Debug|Any CPU = Debug|Any CPU
		Release|Any CPU = Release|Any CPU
	EndGlobalSection
	GlobalSection(ProjectConfigurationPlatforms) = postSolution
		{D8B23127-F76A-46D4-8F43-ABF88BF1B2E5}.Debug|Any CPU.ActiveCfg = Debug|Any CPU
		{D8B23127-F76A-46D4-8F43-ABF88BF1B2E5}.Debug|Any CPU.Build.0 = Debug|Any CPU
		{D8B23127-F76A-46D4-8F43-ABF88BF1B2E5}.Release|Any CPU.ActiveCfg = Release|Any CPU
		{D8B23127-F76A-46D4-8F43-ABF88BF1B2E5}.Release|Any CPU.Build.0 = Release|Any CPU
		{77E49F57-6438-4ED1-AF0D-79EB8D0DDA84}.Debug|Any CPU.ActiveCfg = Debug|Any CPU
		{77E49F57-6438-4ED1-AF0D-79EB8D0DDA84}.Debug|Any CPU.Build.0 = Debug|Any CPU
		{77E49F57-6438-4ED1-AF0D-79EB8D0DDA84}.Release|Any CPU.ActiveCfg = Release|Any CPU
		{77E49F57-6438-4ED1-AF0D-79EB8D0DDA84}.Release|Any CPU.Build.0 = Release|Any CPU
	EndGlobalSection
	GlobalSection(SolutionProperties) = preSolution
		HideSolutionNode = FALSE
	EndGlobalSection
EndGlobal
